
Microsoft Visual Studio Solution File, Format Version 12.00
# Visual Studio Version 16
VisualStudioVersion = 16.0.33529.622
MinimumVisualStudioVersion = 10.0.40219.1
Project("{FAE04EC0-301F-11D3-BF4B-00C04F79EFBC}") = "Veeresh-Assingment", "Veeresh-Assingment\Veeresh-Assingment.csproj", "{5C4CB13F-1744-4719-91AE-128D2FB8B79D}"
EndProject
Global
	GlobalSection(SolutionConfigurationPlatforms) = preSolution
		Debug|Any CPU = Debug|Any CPU
		Release|Any CPU = Release|Any CPU
	EndGlobalSection
	GlobalSection(ProjectConfigurationPlatforms) = postSolution
		{5C4CB13F-1744-4719-91AE-128D2FB8B79D}.Debug|Any CPU.ActiveCfg = Debug|Any CPU
		{5C4CB13F-1744-4719-91AE-128D2FB8B79D}.Debug|Any CPU.Build.0 = Debug|Any CPU
		{5C4CB13F-1744-4719-91AE-128D2FB8B79D}.Release|Any CPU.ActiveCfg = Release|Any CPU
		{5C4CB13F-1744-4719-91AE-128D2FB8B79D}.Release|Any CPU.Build.0 = Release|Any CPU
	EndGlobalSection
	GlobalSection(SolutionProperties) = preSolution
		HideSolutionNode = FALSE
	EndGlobalSection
	GlobalSection(ExtensibilityGlobals) = postSolution
		SolutionGuid = {534D7AE7-532F-4410-A337-5C5168FDC385}
	EndGlobalSection
EndGlobal
